
Microsoft Visual Studio Solution File, Format Version 12.00
# Visual Studio Version 17
VisualStudioVersion = 17.9.34622.214
MinimumVisualStudioVersion = 10.0.40219.1
Project("{FAE04EC0-301F-11D3-BF4B-00C04F79EFBC}") = "PRELIM_E3_ArciagaMarlon_BSCS32E1", "PRELIM_E3_ArciagaMarlon_BSCS32E1\PRELIM_E3_ArciagaMarlon_BSCS32E1.csproj", "{623A29A4-DA77-44F9-9B96-9474D105DA7E}"
EndProject
Global
	GlobalSection(SolutionConfigurationPlatforms) = preSolution
		Debug|Any CPU = Debug|Any CPU
		Release|Any CPU = Release|Any CPU
	EndGlobalSection
	GlobalSection(ProjectConfigurationPlatforms) = postSolution
		{623A29A4-DA77-44F9-9B96-9474D105DA7E}.Debug|Any CPU.ActiveCfg = Debug|Any CPU
		{623A29A4-DA77-44F9-9B96-9474D105DA7E}.Debug|Any CPU.Build.0 = Debug|Any CPU
		{623A29A4-DA77-44F9-9B96-9474D105DA7E}.Release|Any CPU.ActiveCfg = Release|Any CPU
		{623A29A4-DA77-44F9-9B96-9474D105DA7E}.Release|Any CPU.Build.0 = Release|Any CPU
	EndGlobalSection
	GlobalSection(SolutionProperties) = preSolution
		HideSolutionNode = FALSE
	EndGlobalSection
	GlobalSection(ExtensibilityGlobals) = postSolution
		SolutionGuid = {74805017-2BFF-4B8E-97B6-4DA2E012FD06}
	EndGlobalSection
EndGlobal
